// !$*UTF8*$!
{
	archiveVersion = 1;
	classes = {
	};
	objectVersion = 46;
	objects = {

/* Begin PBXBuildFile section */
		84B5BA2A1EC4AD6D0086DAC5 /* AppDelegate.swift in Sources */ = {isa = PBXBuildFile; fileRef = 84B5BA291EC4AD6D0086DAC5 /* AppDelegate.swift */; };
		84B5BA2C1EC4AD6D0086DAC5 /* ViewController.swift in Sources */ = {isa = PBXBuildFile; fileRef = 84B5BA2B1EC4AD6D0086DAC5 /* ViewController.swift */; };
		84B5BA2F1EC4AD6D0086DAC5 /* Main.storyboard in Resources */ = {isa = PBXBuildFile; fileRef = 84B5BA2D1EC4AD6D0086DAC5 /* Main.storyboard */; };
		84B5BA311EC4AD6D0086DAC5 /* Images.xcassets in Resources */ = {isa = PBXBuildFile; fileRef = 84B5BA301EC4AD6D0086DAC5 /* Images.xcassets */; };
		84B5BA341EC4AD6D0086DAC5 /* LaunchScreen.xib in Resources */ = {isa = PBXBuildFile; fileRef = 84B5BA321EC4AD6D0086DAC5 /* LaunchScreen.xib */; };
		84B5BA401EC4AD6D0086DAC5 /* _Tests.swift in Sources */ = {isa = PBXBuildFile; fileRef = 84B5BA3F1EC4AD6D0086DAC5 /* _Tests.swift */; };
/* End PBXBuildFile section */

/* Begin PBXContainerItemProxy section */
		84B5BA3A1EC4AD6D0086DAC5 /* PBXContainerItemProxy */ = {
			isa = PBXContainerItemProxy;
			containerPortal = 84B5BA1C1EC4AD6D0086DAC5 /* Project object */;
			proxyType = 1;
			remoteGlobalIDString = 84B5BA231EC4AD6D0086DAC5;
			remoteInfo = 4;
		};
/* End PBXContainerItemProxy section */

/* Begin PBXFileReference section */
		84B5BA241EC4AD6D0086DAC5 /* 4.app */ = {isa = PBXFileReference; explicitFileType = wrapper.application; includeInIndex = 0; path = 4.app; sourceTree = BUILT_PRODUCTS_DIR; };
		84B5BA281EC4AD6D0086DAC5 /* Info.plist */ = {isa = PBXFileReference; lastKnownFileType = text.plist.xml; path = Info.plist; sourceTree = "<group>"; };
		84B5BA291EC4AD6D0086DAC5 /* AppDelegate.swift */ = {isa = PBXFileReference; lastKnownFileType = sourcecode.swift; path = AppDelegate.swift; sourceTree = "<group>"; };
		84B5BA2B1EC4AD6D0086DAC5 /* ViewController.swift */ = {isa = PBXFileReference; lastKnownFileType = sourcecode.swift; path = ViewController.swift; sourceTree = "<group>"; };
		84B5BA2E1EC4AD6D0086DAC5 /* Base */ = {isa = PBXFileReference; lastKnownFileType = file.storyboard; name = Base; path = Base.lproj/Main.storyboard; sourceTree = "<group>"; };
		84B5BA301EC4AD6D0086DAC5 /* Images.xcassets */ = {isa = PBXFileReference; lastKnownFileType = folder.assetcatalog; path = Images.xcassets; sourceTree = "<group>"; };
		84B5BA331EC4AD6D0086DAC5 /* Base */ = {isa = PBXFileReference; lastKnownFileType = file.xib; name = Base; path = Base.lproj/LaunchScreen.xib; sourceTree = "<group>"; };
		84B5BA391EC4AD6D0086DAC5 /* 4Tests.xctest */ = {isa = PBXFileReference; explicitFileType = wrapper.cfbundle; includeInIndex = 0; path = 4Tests.xctest; sourceTree = BUILT_PRODUCTS_DIR; };
		84B5BA3E1EC4AD6D0086DAC5 /* Info.plist */ = {isa = PBXFileReference; lastKnownFileType = text.plist.xml; path = Info.plist; sourceTree = "<group>"; };
		84B5BA3F1EC4AD6D0086DAC5 /* _Tests.swift */ = {isa = PBXFileReference; lastKnownFileType = sourcecode.swift; path = _Tests.swift; sourceTree = "<group>"; };
/* End PBXFileReference section */

/* Begin PBXFrameworksBuildPhase section */
		84B5BA211EC4AD6D0086DAC5 /* Frameworks */ = {
			isa = PBXFrameworksBuildPhase;
			buildActionMask = 2147483647;
			files = (
			);
			runOnlyForDeploymentPostprocessing = 0;
		};
		84B5BA361EC4AD6D0086DAC5 /* Frameworks */ = {
			isa = PBXFrameworksBuildPhase;
			buildActionMask = 2147483647;
			files = (
			);
			runOnlyForDeploymentPostprocessing = 0;
		};
/* End PBXFrameworksBuildPhase section */

/* Begin PBXGroup section */
		84B5BA1B1EC4AD6D0086DAC5 = {
			isa = PBXGroup;
			children = (
				84B5BA261EC4AD6D0086DAC5 /* 4 */,
				84B5BA3C1EC4AD6D0086DAC5 /* 4Tests */,
				84B5BA251EC4AD6D0086DAC5 /* Products */,
			);
			sourceTree = "<group>";
		};
		84B5BA251EC4AD6D0086DAC5 /* Products */ = {
			isa = PBXGroup;
			children = (
				84B5BA241EC4AD6D0086DAC5 /* 4.app */,
				84B5BA391EC4AD6D0086DAC5 /* 4Tests.xctest */,
			);
			name = Products;
			sourceTree = "<group>";
		};
		84B5BA261EC4AD6D0086DAC5 /* 4 */ = {
			isa = PBXGroup;
			children = (
				84B5BA291EC4AD6D0086DAC5 /* AppDelegate.swift */,
				84B5BA2B1EC4AD6D0086DAC5 /* ViewController.swift */,
				84B5BA2D1EC4AD6D0086DAC5 /* Main.storyboard */,
				84B5BA301EC4AD6D0086DAC5 /* Images.xcassets */,
				84B5BA321EC4AD6D0086DAC5 /* LaunchScreen.xib */,
				84B5BA271EC4AD6D0086DAC5 /* Supporting Files */,
			);
			path = 4;
			sourceTree = "<group>";
		};
		84B5BA271EC4AD6D0086DAC5 /* Supporting Files */ = {
			isa = PBXGroup;
			children = (
				84B5BA281EC4AD6D0086DAC5 /* Info.plist */,
			);
			name = "Supporting Files";
			sourceTree = "<group>";
		};
		84B5BA3C1EC4AD6D0086DAC5 /* 4Tests */ = {
			isa = PBXGroup;
			children = (
				84B5BA3F1EC4AD6D0086DAC5 /* _Tests.swift */,
				84B5BA3D1EC4AD6D0086DAC5 /* Supporting Files */,
			);
			path = 4Tests;
			sourceTree = "<group>";
		};
		84B5BA3D1EC4AD6D0086DAC5 /* Supporting Files */ = {
			isa = PBXGroup;
			children = (
				84B5BA3E1EC4AD6D0086DAC5 /* Info.plist */,
			);
			name = "Supporting Files";
			sourceTree = "<group>";
		};
/* End PBXGroup section */

/* Begin PBXNativeTarget section */
		84B5BA231EC4AD6D0086DAC5 /* 4 */ = {
			isa = PBXNativeTarget;
			buildConfigurationList = 84B5BA431EC4AD6D0086DAC5 /* Build configuration list for PBXNativeTarget "4" */;
			buildPhases = (
				84B5BA201EC4AD6D0086DAC5 /* Sources */,
				84B5BA211EC4AD6D0086DAC5 /* Frameworks */,
				84B5BA221EC4AD6D0086DAC5 /* Resources */,
			);
			buildRules = (
			);
			dependencies = (
			);
			name = 4;
			productName = 4;
			productReference = 84B5BA241EC4AD6D0086DAC5 /* 4.app */;
			productType = "com.apple.product-type.application";
		};
		84B5BA381EC4AD6D0086DAC5 /* 4Tests */ = {
			isa = PBXNativeTarget;
			buildConfigurationList = 84B5BA461EC4AD6D0086DAC5 /* Build configuration list for PBXNativeTarget "4Tests" */;
			buildPhases = (
				84B5BA351EC4AD6D0086DAC5 /* Sources */,
				84B5BA361EC4AD6D0086DAC5 /* Frameworks */,
				84B5BA371EC4AD6D0086DAC5 /* Resources */,
			);
			buildRules = (
			);
			dependencies = (
				84B5BA3B1EC4AD6D0086DAC5 /* PBXTargetDependency */,
			);
			name = 4Tests;
			productName = 4Tests;
			productReference = 84B5BA391EC4AD6D0086DAC5 /* 4Tests.xctest */;
			productType = "com.apple.product-type.bundle.unit-test";
		};
/* End PBXNativeTarget section */

/* Begin PBXProject section */
		84B5BA1C1EC4AD6D0086DAC5 /* Project object */ = {
			isa = PBXProject;
			attributes = {
				LastUpgradeCheck = 0620;
				ORGANIZATIONNAME = Popov;
				TargetAttributes = {
					84B5BA231EC4AD6D0086DAC5 = {
						CreatedOnToolsVersion = 6.2;
					};
					84B5BA381EC4AD6D0086DAC5 = {
						CreatedOnToolsVersion = 6.2;
						TestTargetID = 84B5BA231EC4AD6D0086DAC5;
					};
				};
			};
			buildConfigurationList = 84B5BA1F1EC4AD6D0086DAC5 /* Build configuration list for PBXProject "4" */;
			compatibilityVersion = "Xcode 3.2";
			developmentRegion = English;
			hasScannedForEncodings = 0;
			knownRegions = (
				en,
				Base,
			);
			mainGroup = 84B5BA1B1EC4AD6D0086DAC5;
			productRefGroup = 84B5BA251EC4AD6D0086DAC5 /* Products */;
			projectDirPath = "";
			projectRoot = "";
			targets = (
				84B5BA231EC4AD6D0086DAC5 /* 4 */,
				84B5BA381EC4AD6D0086DAC5 /* 4Tests */,
			);
		};
/* End PBXProject section */

/* Begin PBXResourcesBuildPhase section */
		84B5BA221EC4AD6D0086DAC5 /* Resources */ = {
			isa = PBXResourcesBuildPhase;
			buildActionMask = 2147483647;
			files = (
				84B5BA2F1EC4AD6D0086DAC5 /* Main.storyboard in Resources */,
				84B5BA341EC4AD6D0086DAC5 /* LaunchScreen.xib in Resources */,
				84B5BA311EC4AD6D0086DAC5 /* Images.xcassets in Resources */,
			);
			runOnlyForDeploymentPostprocessing = 0;
		};
		84B5BA371EC4AD6D0086DAC5 /* Resources */ = {
			isa = PBXResourcesBuildPhase;
			buildActionMask = 2147483647;
			files = (
			);
			runOnlyForDeploymentPostprocessing = 0;
		};
/* End PBXResourcesBuildPhase section */

/* Begin PBXSourcesBuildPhase section */
		84B5BA201EC4AD6D0086DAC5 /* Sources */ = {
			isa = PBXSourcesBuildPhase;
			buildActionMask = 2147483647;
			files = (
				84B5BA2C1EC4AD6D0086DAC5 /* ViewController.swift in Sources */,
				84B5BA2A1EC4AD6D0086DAC5 /* AppDelegate.swift in Sources */,
			);
			runOnlyForDeploymentPostprocessing = 0;
		};
		84B5BA351EC4AD6D0086DAC5 /* Sources */ = {
			isa = PBXSourcesBuildPhase;
			buildActionMask = 2147483647;
			files = (
				84B5BA401EC4AD6D0086DAC5 /* _Tests.swift in Sources */,
			);
			runOnlyForDeploymentPostprocessing = 0;
		};
/* End PBXSourcesBuildPhase section */

/* Begin PBXTargetDependency section */
		84B5BA3B1EC4AD6D0086DAC5 /* PBXTargetDependency */ = {
			isa = PBXTargetDependency;
			target = 84B5BA231EC4AD6D0086DAC5 /* 4 */;
			targetProxy = 84B5BA3A1EC4AD6D0086DAC5 /* PBXContainerItemProxy */;
		};
/* End PBXTargetDependency section */

/* Begin PBXVariantGroup section */
		84B5BA2D1EC4AD6D0086DAC5 /* Main.storyboard */ = {
			isa = PBXVariantGroup;
			children = (
				84B5BA2E1EC4AD6D0086DAC5 /* Base */,
			);
			name = Main.storyboard;
			sourceTree = "<group>";
		};
		84B5BA321EC4AD6D0086DAC5 /* LaunchScreen.xib */ = {
			isa = PBXVariantGroup;
			children = (
				84B5BA331EC4AD6D0086DAC5 /* Base */,
			);
			name = LaunchScreen.xib;
			sourceTree = "<group>";
		};
/* End PBXVariantGroup section */

/* Begin XCBuildConfiguration section */
		84B5BA411EC4AD6D0086DAC5 /* Debug */ = {
			isa = XCBuildConfiguration;
			buildSettings = {
				ALWAYS_SEARCH_USER_PATHS = NO;
				CLANG_CXX_LANGUAGE_STANDARD = "gnu++0x";
				CLANG_CXX_LIBRARY = "libc++";
				CLANG_ENABLE_MODULES = YES;
				CLANG_ENABLE_OBJC_ARC = YES;
				CLANG_WARN_BOOL_CONVERSION = YES;
				CLANG_WARN_CONSTANT_CONVERSION = YES;
				CLANG_WARN_DIRECT_OBJC_ISA_USAGE = YES_ERROR;
				CLANG_WARN_EMPTY_BODY = YES;
				CLANG_WARN_ENUM_CONVERSION = YES;
				CLANG_WARN_INT_CONVERSION = YES;
				CLANG_WARN_OBJC_ROOT_CLASS = YES_ERROR;
				CLANG_WARN_UNREACHABLE_CODE = YES;
				CLANG_WARN__DUPLICATE_METHOD_MATCH = YES;
				"CODE_SIGN_IDENTITY[sdk=iphoneos*]" = "iPhone Developer";
				COPY_PHASE_STRIP = NO;
				ENABLE_STRICT_OBJC_MSGSEND = YES;
				GCC_C_LANGUAGE_STANDARD = gnu99;
				GCC_DYNAMIC_NO_PIC = NO;
				GCC_OPTIMIZATION_LEVEL = 0;
				GCC_PREPROCESSOR_DEFINITIONS = (
					"DEBUG=1",
					"$(inherited)",
				);
				GCC_SYMBOLS_PRIVATE_EXTERN = NO;
				GCC_WARN_64_TO_32_BIT_CONVERSION = YES;
				GCC_WARN_ABOUT_RETURN_TYPE = YES_ERROR;
				GCC_WARN_UNDECLARED_SELECTOR = YES;
				GCC_WARN_UNINITIALIZED_AUTOS = YES_AGGRESSIVE;
				GCC_WARN_UNUSED_FUNCTION = YES;
				GCC_WARN_UNUSED_VARIABLE = YES;
				IPHONEOS_DEPLOYMENT_TARGET = 8.2;
				MTL_ENABLE_DEBUG_INFO = YES;
				ONLY_ACTIVE_ARCH = YES;
				SDKROOT = iphoneos;
				SWIFT_OPTIMIZATION_LEVEL = "-Onone";
			};
			name = Debug;
		};
		84B5BA421EC4AD6D0086DAC5 /* Release */ = {
			isa = XCBuildConfiguration;
			buildSettings = {
				ALWAYS_SEARCH_USER_PATHS = NO;
				CLANG_CXX_LANGUAGE_STANDARD = "gnu++0x";
				CLANG_CXX_LIBRARY = "libc++";
				CLANG_ENABLE_MODULES = YES;
				CLANG_ENABLE_OBJC_ARC = YES;
				CLANG_WARN_BOOL_CONVERSION = YES;
				CLANG_WARN_CONSTANT_CONVERSION = YES;
				CLANG_WARN_DIRECT_OBJC_ISA_USAGE = YES_ERROR;
				CLANG_WARN_EMPTY_BODY = YES;
				CLANG_WARN_ENUM_CONVERSION = YES;
				CLANG_WARN_INT_CONVERSION = YES;
				CLANG_WARN_OBJC_ROOT_CLASS = YES_ERROR;
				CLANG_WARN_UNREACHABLE_CODE = YES;
				CLANG_WARN__DUPLICATE_METHOD_MATCH = YES;
				"CODE_SIGN_IDENTITY[sdk=iphoneos*]" = "iPhone Developer";
				COPY_PHASE_STRIP = NO;
				ENABLE_NS_ASSERTIONS = NO;
				ENABLE_STRICT_OBJC_MSGSEND = YES;
				GCC_C_LANGUAGE_STANDARD = gnu99;
				GCC_WARN_64_TO_32_BIT_CONVERSION = YES;
				GCC_WARN_ABOUT_RETURN_TYPE = YES_ERROR;
				GCC_WARN_UNDECLARED_SELECTOR = YES;
				GCC_WARN_UNINITIALIZED_AUTOS = YES_AGGRESSIVE;
				GCC_WARN_UNUSED_FUNCTION = YES;
				GCC_WARN_UNUSED_VARIABLE = YES;
				IPHONEOS_DEPLOYMENT_TARGET = 8.2;
				MTL_ENABLE_DEBUG_INFO = NO;
				SDKROOT = iphoneos;
				VALIDATE_PRODUCT = YES;
			};
			name = Release;
		};
		84B5BA441EC4AD6D0086DAC5 /* Debug */ = {
			isa = XCBuildConfiguration;
			buildSettings = {
				ASSETCATALOG_COMPILER_APPICON_NAME = AppIcon;
				INFOPLIST_FILE = 4/Info.plist;
				LD_RUNPATH_SEARCH_PATHS = "$(inherited) @executable_path/Frameworks";
				PRODUCT_NAME = "$(TARGET_NAME)";
			};
			name = Debug;
		};
		84B5BA451EC4AD6D0086DAC5 /* Release */ = {
			isa = XCBuildConfiguration;
			buildSettings = {
				ASSETCATALOG_COMPILER_APPICON_NAME = AppIcon;
				INFOPLIST_FILE = 4/Info.plist;
				LD_RUNPATH_SEARCH_PATHS = "$(inherited) @executable_path/Frameworks";
				PRODUCT_NAME = "$(TARGET_NAME)";
			};
			name = Release;
		};
		84B5BA471EC4AD6D0086DAC5 /* Debug */ = {
			isa = XCBuildConfiguration;
			buildSettings = {
				BUNDLE_LOADER = "$(TEST_HOST)";
				FRAMEWORK_SEARCH_PATHS = (
					"$(SDKROOT)/Developer/Library/Frameworks",
					"$(inherited)",
				);
				GCC_PREPROCESSOR_DEFINITIONS = (
					"DEBUG=1",
					"$(inherited)",
				);
				INFOPLIST_FILE = 4Tests/Info.plist;
				LD_RUNPATH_SEARCH_PATHS = "$(inherited) @executable_path/Frameworks @loader_path/Frameworks";
				PRODUCT_NAME = "$(TARGET_NAME)";
				TEST_HOST = "$(BUILT_PRODUCTS_DIR)/4.app/4";
			};
			name = Debug;
		};
		84B5BA481EC4AD6D0086DAC5 /* Release */ = {
			isa = XCBuildConfiguration;
			buildSettings = {
				BUNDLE_LOADER = "$(TEST_HOST)";
				FRAMEWORK_SEARCH_PATHS = (
					"$(SDKROOT)/Developer/Library/Frameworks",
					"$(inherited)",
				);
				INFOPLIST_FILE = 4Tests/Info.plist;
				LD_RUNPATH_SEARCH_PATHS = "$(inherited) @executable_path/Frameworks @loader_path/Frameworks";
				PRODUCT_NAME = "$(TARGET_NAME)";
				TEST_HOST = "$(BUILT_PRODUCTS_DIR)/4.app/4";
			};
			name = Release;
		};
/* End XCBuildConfiguration section */

/* Begin XCConfigurationList section */
		84B5BA1F1EC4AD6D0086DAC5 /* Build configuration list for PBXProject "4" */ = {
			isa = XCConfigurationList;
			buildConfigurations = (
				84B5BA411EC4AD6D0086DAC5 /* Debug */,
				84B5BA421EC4AD6D0086DAC5 /* Release */,
			);
			defaultConfigurationIsVisible = 0;
			defaultConfigurationName = Release;
		};
		84B5BA431EC4AD6D0086DAC5 /* Build configuration list for PBXNativeTarget "4" */ = {
			isa = XCConfigurationList;
			buildConfigurations = (
				84B5BA441EC4AD6D0086DAC5 /* Debug */,
				84B5BA451EC4AD6D0086DAC5 /* Release */,
			);
			defaultConfigurationIsVisible = 0;
		};
		84B5BA461EC4AD6D0086DAC5 /* Build configuration list for PBXNativeTarget "4Tests" */ = {
			isa = XCConfigurationList;
			buildConfigurations = (
				84B5BA471EC4AD6D0086DAC5 /* Debug */,
				84B5BA481EC4AD6D0086DAC5 /* Release */,
			);
			defaultConfigurationIsVisible = 0;
		};
/* End XCConfigurationList section */
	};
	rootObject = 84B5BA1C1EC4AD6D0086DAC5 /* Project object */;
}
